
Microsoft Visual Studio Solution File, Format Version 12.00
# Visual Studio Version 17
VisualStudioVersion = 17.9.34723.18
MinimumVisualStudioVersion = 10.0.40219.1
Project("{FAE04EC0-301F-11D3-BF4B-00C04F79EFBC}") = "ProyectoHsj_alpha", "ProyectoHsj_alpha\ProyectoHsj_alpha.csproj", "{5EC1ADFF-F737-4CCB-A9B2-4819461F6A98}"
EndProject
Global
	GlobalSection(SolutionConfigurationPlatforms) = preSolution
		Debug|Any CPU = Debug|Any CPU
		Release|Any CPU = Release|Any CPU
	EndGlobalSection
	GlobalSection(ProjectConfigurationPlatforms) = postSolution
		{5EC1ADFF-F737-4CCB-A9B2-4819461F6A98}.Debug|Any CPU.ActiveCfg = Debug|Any CPU
		{5EC1ADFF-F737-4CCB-A9B2-4819461F6A98}.Debug|Any CPU.Build.0 = Debug|Any CPU
		{5EC1ADFF-F737-4CCB-A9B2-4819461F6A98}.Release|Any CPU.ActiveCfg = Release|Any CPU
		{5EC1ADFF-F737-4CCB-A9B2-4819461F6A98}.Release|Any CPU.Build.0 = Release|Any CPU
	EndGlobalSection
	GlobalSection(SolutionProperties) = preSolution
		HideSolutionNode = FALSE
	EndGlobalSection
	GlobalSection(ExtensibilityGlobals) = postSolution
		SolutionGuid = {85CA884A-FD3E-4F24-A627-56E9E1A52B1F}
	EndGlobalSection
EndGlobal
